
Microsoft Visual Studio Solution File, Format Version 12.00
# Visual Studio Version 17
VisualStudioVersion = 17.14.36414.22 d17.14
MinimumVisualStudioVersion = 10.0.40219.1
Project("{FAE04EC0-301F-11D3-BF4B-00C04F79EFBC}") = "Csharp", "Csharp\Csharp.csproj", "{A79A672D-C8EF-4025-B8B4-CCA3BEC21559}"
EndProject
Global
	GlobalSection(SolutionConfigurationPlatforms) = preSolution
		Debug|Any CPU = Debug|Any CPU
		Release|Any CPU = Release|Any CPU
	EndGlobalSection
	GlobalSection(ProjectConfigurationPlatforms) = postSolution
		{A79A672D-C8EF-4025-B8B4-CCA3BEC21559}.Debug|Any CPU.ActiveCfg = Debug|Any CPU
		{A79A672D-C8EF-4025-B8B4-CCA3BEC21559}.Debug|Any CPU.Build.0 = Debug|Any CPU
		{A79A672D-C8EF-4025-B8B4-CCA3BEC21559}.Release|Any CPU.ActiveCfg = Release|Any CPU
		{A79A672D-C8EF-4025-B8B4-CCA3BEC21559}.Release|Any CPU.Build.0 = Release|Any CPU
	EndGlobalSection
	GlobalSection(SolutionProperties) = preSolution
		HideSolutionNode = FALSE
	EndGlobalSection
	GlobalSection(ExtensibilityGlobals) = postSolution
		SolutionGuid = {5DCC73CF-3E9C-421D-B306-A1FA068DC584}
	EndGlobalSection
EndGlobal
